// !$*UTF8*$!
{
	archiveVersion = 1;
	classes = {
	};
	objectVersion = 55;
	objects = {

/* Begin PBXBuildFile section */
		7EC577632798BF5D00588EAE /* AppDelegate.swift in Sources */ = {isa = PBXBuildFile; fileRef = 7EC577622798BF5D00588EAE /* AppDelegate.swift */; };
		7EC577652798BF5D00588EAE /* SceneDelegate.swift in Sources */ = {isa = PBXBuildFile; fileRef = 7EC577642798BF5D00588EAE /* SceneDelegate.swift */; };
		7EC577672798BF5D00588EAE /* ViewController.swift in Sources */ = {isa = PBXBuildFile; fileRef = 7EC577662798BF5D00588EAE /* ViewController.swift */; };
		7EC5776A2798BF5D00588EAE /* Main.storyboard in Resources */ = {isa = PBXBuildFile; fileRef = 7EC577682798BF5D00588EAE /* Main.storyboard */; };
		7EC5776C2798BF6200588EAE /* Assets.xcassets in Resources */ = {isa = PBXBuildFile; fileRef = 7EC5776B2798BF6200588EAE /* Assets.xcassets */; };
		7EC5776F2798BF6200588EAE /* LaunchScreen.storyboard in Resources */ = {isa = PBXBuildFile; fileRef = 7EC5776D2798BF6200588EAE /* LaunchScreen.storyboard */; };
		7EC5777A2798BF6200588EAE /* MVVMRXSwiftTests.swift in Sources */ = {isa = PBXBuildFile; fileRef = 7EC577792798BF6200588EAE /* MVVMRXSwiftTests.swift */; };
		7EC577842798BF6200588EAE /* MVVMRXSwiftUITests.swift in Sources */ = {isa = PBXBuildFile; fileRef = 7EC577832798BF6200588EAE /* MVVMRXSwiftUITests.swift */; };
		7EC577862798BF6200588EAE /* MVVMRXSwiftUITestsLaunchTests.swift in Sources */ = {isa = PBXBuildFile; fileRef = 7EC577852798BF6200588EAE /* MVVMRXSwiftUITestsLaunchTests.swift */; };
/* End PBXBuildFile section */

/* Begin PBXContainerItemProxy section */
		7EC577762798BF6200588EAE /* PBXContainerItemProxy */ = {
			isa = PBXContainerItemProxy;
			containerPortal = 7EC577572798BF5D00588EAE /* Project object */;
			proxyType = 1;
			remoteGlobalIDString = 7EC5775E2798BF5D00588EAE;
			remoteInfo = MVVMRXSwift;
		};
		7EC577802798BF6200588EAE /* PBXContainerItemProxy */ = {
			isa = PBXContainerItemProxy;
			containerPortal = 7EC577572798BF5D00588EAE /* Project object */;
			proxyType = 1;
			remoteGlobalIDString = 7EC5775E2798BF5D00588EAE;
			remoteInfo = MVVMRXSwift;
		};
/* End PBXContainerItemProxy section */

/* Begin PBXFileReference section */
		7EC5775F2798BF5D00588EAE /* MVVMRXSwift.app */ = {isa = PBXFileReference; explicitFileType = wrapper.application; includeInIndex = 0; path = MVVMRXSwift.app; sourceTree = BUILT_PRODUCTS_DIR; };
		7EC577622798BF5D00588EAE /* AppDelegate.swift */ = {isa = PBXFileReference; lastKnownFileType = sourcecode.swift; path = AppDelegate.swift; sourceTree = "<group>"; };
		7EC577642798BF5D00588EAE /* SceneDelegate.swift */ = {isa = PBXFileReference; lastKnownFileType = sourcecode.swift; path = SceneDelegate.swift; sourceTree = "<group>"; };
		7EC577662798BF5D00588EAE /* ViewController.swift */ = {isa = PBXFileReference; lastKnownFileType = sourcecode.swift; path = ViewController.swift; sourceTree = "<group>"; };
		7EC577692798BF5D00588EAE /* Base */ = {isa = PBXFileReference; lastKnownFileType = file.storyboard; name = Base; path = Base.lproj/Main.storyboard; sourceTree = "<group>"; };
		7EC5776B2798BF6200588EAE /* Assets.xcassets */ = {isa = PBXFileReference; lastKnownFileType = folder.assetcatalog; path = Assets.xcassets; sourceTree = "<group>"; };
		7EC5776E2798BF6200588EAE /* Base */ = {isa = PBXFileReference; lastKnownFileType = file.storyboard; name = Base; path = Base.lproj/LaunchScreen.storyboard; sourceTree = "<group>"; };
		7EC577702798BF6200588EAE /* Info.plist */ = {isa = PBXFileReference; lastKnownFileType = text.plist.xml; path = Info.plist; sourceTree = "<group>"; };
		7EC577752798BF6200588EAE /* MVVMRXSwiftTests.xctest */ = {isa = PBXFileReference; explicitFileType = wrapper.cfbundle; includeInIndex = 0; path = MVVMRXSwiftTests.xctest; sourceTree = BUILT_PRODUCTS_DIR; };
		7EC577792798BF6200588EAE /* MVVMRXSwiftTests.swift */ = {isa = PBXFileReference; lastKnownFileType = sourcecode.swift; path = MVVMRXSwiftTests.swift; sourceTree = "<group>"; };
		7EC5777F2798BF6200588EAE /* MVVMRXSwiftUITests.xctest */ = {isa = PBXFileReference; explicitFileType = wrapper.cfbundle; includeInIndex = 0; path = MVVMRXSwiftUITests.xctest; sourceTree = BUILT_PRODUCTS_DIR; };
		7EC577832798BF6200588EAE /* MVVMRXSwiftUITests.swift */ = {isa = PBXFileReference; lastKnownFileType = sourcecode.swift; path = MVVMRXSwiftUITests.swift; sourceTree = "<group>"; };
		7EC577852798BF6200588EAE /* MVVMRXSwiftUITestsLaunchTests.swift */ = {isa = PBXFileReference; lastKnownFileType = sourcecode.swift; path = MVVMRXSwiftUITestsLaunchTests.swift; sourceTree = "<group>"; };
/* End PBXFileReference section */

/* Begin PBXFrameworksBuildPhase section */
		7EC5775C2798BF5D00588EAE /* Frameworks */ = {
			isa = PBXFrameworksBuildPhase;
			buildActionMask = 2147483647;
			files = (
			);
			runOnlyForDeploymentPostprocessing = 0;
		};
		7EC577722798BF6200588EAE /* Frameworks */ = {
			isa = PBXFrameworksBuildPhase;
			buildActionMask = 2147483647;
			files = (
			);
			runOnlyForDeploymentPostprocessing = 0;
		};
		7EC5777C2798BF6200588EAE /* Frameworks */ = {
			isa = PBXFrameworksBuildPhase;
			buildActionMask = 2147483647;
			files = (
			);
			runOnlyForDeploymentPostprocessing = 0;
		};
/* End PBXFrameworksBuildPhase section */

/* Begin PBXGroup section */
		7EC577562798BF5D00588EAE = {
			isa = PBXGroup;
			children = (
				7EC577612798BF5D00588EAE /* MVVMRXSwift */,
				7EC577782798BF6200588EAE /* MVVMRXSwiftTests */,
				7EC577822798BF6200588EAE /* MVVMRXSwiftUITests */,
				7EC577602798BF5D00588EAE /* Products */,
			);
			sourceTree = "<group>";
		};
		7EC577602798BF5D00588EAE /* Products */ = {
			isa = PBXGroup;
			children = (
				7EC5775F2798BF5D00588EAE /* MVVMRXSwift.app */,
				7EC577752798BF6200588EAE /* MVVMRXSwiftTests.xctest */,
				7EC5777F2798BF6200588EAE /* MVVMRXSwiftUITests.xctest */,
			);
			name = Products;
			sourceTree = "<group>";
		};
		7EC577612798BF5D00588EAE /* MVVMRXSwift */ = {
			isa = PBXGroup;
			children = (
				7EC577622798BF5D00588EAE /* AppDelegate.swift */,
				7EC577642798BF5D00588EAE /* SceneDelegate.swift */,
				7EC577662798BF5D00588EAE /* ViewController.swift */,
				7EC577682798BF5D00588EAE /* Main.storyboard */,
				7EC5776B2798BF6200588EAE /* Assets.xcassets */,
				7EC5776D2798BF6200588EAE /* LaunchScreen.storyboard */,
				7EC577702798BF6200588EAE /* Info.plist */,
			);
			path = MVVMRXSwift;
			sourceTree = "<group>";
		};
		7EC577782798BF6200588EAE /* MVVMRXSwiftTests */ = {
			isa = PBXGroup;
			children = (
				7EC577792798BF6200588EAE /* MVVMRXSwiftTests.swift */,
			);
			path = MVVMRXSwiftTests;
			sourceTree = "<group>";
		};
		7EC577822798BF6200588EAE /* MVVMRXSwiftUITests */ = {
			isa = PBXGroup;
			children = (
				7EC577832798BF6200588EAE /* MVVMRXSwiftUITests.swift */,
				7EC577852798BF6200588EAE /* MVVMRXSwiftUITestsLaunchTests.swift */,
			);
			path = MVVMRXSwiftUITests;
			sourceTree = "<group>";
		};
/* End PBXGroup section */

/* Begin PBXNativeTarget section */
		7EC5775E2798BF5D00588EAE /* MVVMRXSwift */ = {
			isa = PBXNativeTarget;
			buildConfigurationList = 7EC577892798BF6200588EAE /* Build configuration list for PBXNativeTarget "MVVMRXSwift" */;
			buildPhases = (
				7EC5775B2798BF5D00588EAE /* Sources */,
				7EC5775C2798BF5D00588EAE /* Frameworks */,
				7EC5775D2798BF5D00588EAE /* Resources */,
			);
			buildRules = (
			);
			dependencies = (
			);
			name = MVVMRXSwift;
			productName = MVVMRXSwift;
			productReference = 7EC5775F2798BF5D00588EAE /* MVVMRXSwift.app */;
			productType = "com.apple.product-type.application";
		};
		7EC577742798BF6200588EAE /* MVVMRXSwiftTests */ = {
			isa = PBXNativeTarget;
			buildConfigurationList = 7EC5778C2798BF6200588EAE /* Build configuration list for PBXNativeTarget "MVVMRXSwiftTests" */;
			buildPhases = (
				7EC577712798BF6200588EAE /* Sources */,
				7EC577722798BF6200588EAE /* Frameworks */,
				7EC577732798BF6200588EAE /* Resources */,
			);
			buildRules = (
			);
			dependencies = (
				7EC577772798BF6200588EAE /* PBXTargetDependency */,
			);
			name = MVVMRXSwiftTests;
			productName = MVVMRXSwiftTests;
			productReference = 7EC577752798BF6200588EAE /* MVVMRXSwiftTests.xctest */;
			productType = "com.apple.product-type.bundle.unit-test";
		};
		7EC5777E2798BF6200588EAE /* MVVMRXSwiftUITests */ = {
			isa = PBXNativeTarget;
			buildConfigurationList = 7EC5778F2798BF6200588EAE /* Build configuration list for PBXNativeTarget "MVVMRXSwiftUITests" */;
			buildPhases = (
				7EC5777B2798BF6200588EAE /* Sources */,
				7EC5777C2798BF6200588EAE /* Frameworks */,
				7EC5777D2798BF6200588EAE /* Resources */,
			);
			buildRules = (
			);
			dependencies = (
				7EC577812798BF6200588EAE /* PBXTargetDependency */,
			);
			name = MVVMRXSwiftUITests;
			productName = MVVMRXSwiftUITests;
			productReference = 7EC5777F2798BF6200588EAE /* MVVMRXSwiftUITests.xctest */;
			productType = "com.apple.product-type.bundle.ui-testing";
		};
/* End PBXNativeTarget section */

/* Begin PBXProject section */
		7EC577572798BF5D00588EAE /* Project object */ = {
			isa = PBXProject;
			attributes = {
				BuildIndependentTargetsInParallel = 1;
				LastSwiftUpdateCheck = 1320;
				LastUpgradeCheck = 1320;
				TargetAttributes = {
					7EC5775E2798BF5D00588EAE = {
						CreatedOnToolsVersion = 13.2.1;
					};
					7EC577742798BF6200588EAE = {
						CreatedOnToolsVersion = 13.2.1;
						TestTargetID = 7EC5775E2798BF5D00588EAE;
					};
					7EC5777E2798BF6200588EAE = {
						CreatedOnToolsVersion = 13.2.1;
						TestTargetID = 7EC5775E2798BF5D00588EAE;
					};
				};
			};
			buildConfigurationList = 7EC5775A2798BF5D00588EAE /* Build configuration list for PBXProject "MVVMRXSwift" */;
			compatibilityVersion = "Xcode 13.0";
			developmentRegion = en;
			hasScannedForEncodings = 0;
			knownRegions = (
				en,
				Base,
			);
			mainGroup = 7EC577562798BF5D00588EAE;
			productRefGroup = 7EC577602798BF5D00588EAE /* Products */;
			projectDirPath = "";
			projectRoot = "";
			targets = (
				7EC5775E2798BF5D00588EAE /* MVVMRXSwift */,
				7EC577742798BF6200588EAE /* MVVMRXSwiftTests */,
				7EC5777E2798BF6200588EAE /* MVVMRXSwiftUITests */,
			);
		};
/* End PBXProject section */

/* Begin PBXResourcesBuildPhase section */
		7EC5775D2798BF5D00588EAE /* Resources */ = {
			isa = PBXResourcesBuildPhase;
			buildActionMask = 2147483647;
			files = (
				7EC5776F2798BF6200588EAE /* LaunchScreen.storyboard in Resources */,
				7EC5776C2798BF6200588EAE /* Assets.xcassets in Resources */,
				7EC5776A2798BF5D00588EAE /* Main.storyboard in Resources */,
			);
			runOnlyForDeploymentPostprocessing = 0;
		};
		7EC577732798BF6200588EAE /* Resources */ = {
			isa = PBXResourcesBuildPhase;
			buildActionMask = 2147483647;
			files = (
			);
			runOnlyForDeploymentPostprocessing = 0;
		};
		7EC5777D2798BF6200588EAE /* Resources */ = {
			isa = PBXResourcesBuildPhase;
			buildActionMask = 2147483647;
			files = (
			);
			runOnlyForDeploymentPostprocessing = 0;
		};
/* End PBXResourcesBuildPhase section */

/* Begin PBXSourcesBuildPhase section */
		7EC5775B2798BF5D00588EAE /* Sources */ = {
			isa = PBXSourcesBuildPhase;
			buildActionMask = 2147483647;
			files = (
				7EC577672798BF5D00588EAE /* ViewController.swift in Sources */,
				7EC577632798BF5D00588EAE /* AppDelegate.swift in Sources */,
				7EC577652798BF5D00588EAE /* SceneDelegate.swift in Sources */,
			);
			runOnlyForDeploymentPostprocessing = 0;
		};
		7EC577712798BF6200588EAE /* Sources */ = {
			isa = PBXSourcesBuildPhase;
			buildActionMask = 2147483647;
			files = (
				7EC5777A2798BF6200588EAE /* MVVMRXSwiftTests.swift in Sources */,
			);
			runOnlyForDeploymentPostprocessing = 0;
		};
		7EC5777B2798BF6200588EAE /* Sources */ = {
			isa = PBXSourcesBuildPhase;
			buildActionMask = 2147483647;
			files = (
				7EC577862798BF6200588EAE /* MVVMRXSwiftUITestsLaunchTests.swift in Sources */,
				7EC577842798BF6200588EAE /* MVVMRXSwiftUITests.swift in Sources */,
			);
			runOnlyForDeploymentPostprocessing = 0;
		};
/* End PBXSourcesBuildPhase section */

/* Begin PBXTargetDependency section */
		7EC577772798BF6200588EAE /* PBXTargetDependency */ = {
			isa = PBXTargetDependency;
			target = 7EC5775E2798BF5D00588EAE /* MVVMRXSwift */;
			targetProxy = 7EC577762798BF6200588EAE /* PBXContainerItemProxy */;
		};
		7EC577812798BF6200588EAE /* PBXTargetDependency */ = {
			isa = PBXTargetDependency;
			target = 7EC5775E2798BF5D00588EAE /* MVVMRXSwift */;
			targetProxy = 7EC577802798BF6200588EAE /* PBXContainerItemProxy */;
		};
/* End PBXTargetDependency section */

/* Begin PBXVariantGroup section */
		7EC577682798BF5D00588EAE /* Main.storyboard */ = {
			isa = PBXVariantGroup;
			children = (
				7EC577692798BF5D00588EAE /* Base */,
			);
			name = Main.storyboard;
			sourceTree = "<group>";
		};
		7EC5776D2798BF6200588EAE /* LaunchScreen.storyboard */ = {
			isa = PBXVariantGroup;
			children = (
				7EC5776E2798BF6200588EAE /* Base */,
			);
			name = LaunchScreen.storyboard;
			sourceTree = "<group>";
		};
/* End PBXVariantGroup section */

/* Begin XCBuildConfiguration section */
		7EC577872798BF6200588EAE /* Debug */ = {
			isa = XCBuildConfiguration;
			buildSettings = {
				ALWAYS_SEARCH_USER_PATHS = NO;
				CLANG_ANALYZER_NONNULL = YES;
				CLANG_ANALYZER_NUMBER_OBJECT_CONVERSION = YES_AGGRESSIVE;
				CLANG_CXX_LANGUAGE_STANDARD = "gnu++17";
				CLANG_CXX_LIBRARY = "libc++";
				CLANG_ENABLE_MODULES = YES;
				CLANG_ENABLE_OBJC_ARC = YES;
				CLANG_ENABLE_OBJC_WEAK = YES;
				CLANG_WARN_BLOCK_CAPTURE_AUTORELEASING = YES;
				CLANG_WARN_BOOL_CONVERSION = YES;
				CLANG_WARN_COMMA = YES;
				CLANG_WARN_CONSTANT_CONVERSION = YES;
				CLANG_WARN_DEPRECATED_OBJC_IMPLEMENTATIONS = YES;
				CLANG_WARN_DIRECT_OBJC_ISA_USAGE = YES_ERROR;
				CLANG_WARN_DOCUMENTATION_COMMENTS = YES;
				CLANG_WARN_EMPTY_BODY = YES;
				CLANG_WARN_ENUM_CONVERSION = YES;
				CLANG_WARN_INFINITE_RECURSION = YES;
				CLANG_WARN_INT_CONVERSION = YES;
				CLANG_WARN_NON_LITERAL_NULL_CONVERSION = YES;
				CLANG_WARN_OBJC_IMPLICIT_RETAIN_SELF = YES;
				CLANG_WARN_OBJC_LITERAL_CONVERSION = YES;
				CLANG_WARN_OBJC_ROOT_CLASS = YES_ERROR;
				CLANG_WARN_QUOTED_INCLUDE_IN_FRAMEWORK_HEADER = YES;
				CLANG_WARN_RANGE_LOOP_ANALYSIS = YES;
				CLANG_WARN_STRICT_PROTOTYPES = YES;
				CLANG_WARN_SUSPICIOUS_MOVE = YES;
				CLANG_WARN_UNGUARDED_AVAILABILITY = YES_AGGRESSIVE;
				CLANG_WARN_UNREACHABLE_CODE = YES;
				CLANG_WARN__DUPLICATE_METHOD_MATCH = YES;
				COPY_PHASE_STRIP = NO;
				DEBUG_INFORMATION_FORMAT = dwarf;
				ENABLE_STRICT_OBJC_MSGSEND = YES;
				ENABLE_TESTABILITY = YES;
				GCC_C_LANGUAGE_STANDARD = gnu11;
				GCC_DYNAMIC_NO_PIC = NO;
				GCC_NO_COMMON_BLOCKS = YES;
				GCC_OPTIMIZATION_LEVEL = 0;
				GCC_PREPROCESSOR_DEFINITIONS = (
					"DEBUG=1",
					"$(inherited)",
				);
				GCC_WARN_64_TO_32_BIT_CONVERSION = YES;
				GCC_WARN_ABOUT_RETURN_TYPE = YES_ERROR;
				GCC_WARN_UNDECLARED_SELECTOR = YES;
				GCC_WARN_UNINITIALIZED_AUTOS = YES_AGGRESSIVE;
				GCC_WARN_UNUSED_FUNCTION = YES;
				GCC_WARN_UNUSED_VARIABLE = YES;
				IPHONEOS_DEPLOYMENT_TARGET = 15.2;
				MTL_ENABLE_DEBUG_INFO = INCLUDE_SOURCE;
				MTL_FAST_MATH = YES;
				ONLY_ACTIVE_ARCH = YES;
				SDKROOT = iphoneos;
				SWIFT_ACTIVE_COMPILATION_CONDITIONS = DEBUG;
				SWIFT_OPTIMIZATION_LEVEL = "-Onone";
			};
			name = Debug;
		};
		7EC577882798BF6200588EAE /* Release */ = {
			isa = XCBuildConfiguration;
			buildSettings = {
				ALWAYS_SEARCH_USER_PATHS = NO;
				CLANG_ANALYZER_NONNULL = YES;
				CLANG_ANALYZER_NUMBER_OBJECT_CONVERSION = YES_AGGRESSIVE;
				CLANG_CXX_LANGUAGE_STANDARD = "gnu++17";
				CLANG_CXX_LIBRARY = "libc++";
				CLANG_ENABLE_MODULES = YES;
				CLANG_ENABLE_OBJC_ARC = YES;
				CLANG_ENABLE_OBJC_WEAK = YES;
				CLANG_WARN_BLOCK_CAPTURE_AUTORELEASING = YES;
				CLANG_WARN_BOOL_CONVERSION = YES;
				CLANG_WARN_COMMA = YES;
				CLANG_WARN_CONSTANT_CONVERSION = YES;
				CLANG_WARN_DEPRECATED_OBJC_IMPLEMENTATIONS = YES;
				CLANG_WARN_DIRECT_OBJC_ISA_USAGE = YES_ERROR;
				CLANG_WARN_DOCUMENTATION_COMMENTS = YES;
				CLANG_WARN_EMPTY_BODY = YES;
				CLANG_WARN_ENUM_CONVERSION = YES;
				CLANG_WARN_INFINITE_RECURSION = YES;
				CLANG_WARN_INT_CONVERSION = YES;
				CLANG_WARN_NON_LITERAL_NULL_CONVERSION = YES;
				CLANG_WARN_OBJC_IMPLICIT_RETAIN_SELF = YES;
				CLANG_WARN_OBJC_LITERAL_CONVERSION = YES;
				CLANG_WARN_OBJC_ROOT_CLASS = YES_ERROR;
				CLANG_WARN_QUOTED_INCLUDE_IN_FRAMEWORK_HEADER = YES;
				CLANG_WARN_RANGE_LOOP_ANALYSIS = YES;
				CLANG_WARN_STRICT_PROTOTYPES = YES;
				CLANG_WARN_SUSPICIOUS_MOVE = YES;
				CLANG_WARN_UNGUARDED_AVAILABILITY = YES_AGGRESSIVE;
				CLANG_WARN_UNREACHABLE_CODE = YES;
				CLANG_WARN__DUPLICATE_METHOD_MATCH = YES;
				COPY_PHASE_STRIP = NO;
				DEBUG_INFORMATION_FORMAT = "dwarf-with-dsym";
				ENABLE_NS_ASSERTIONS = NO;
				ENABLE_STRICT_OBJC_MSGSEND = YES;
				GCC_C_LANGUAGE_STANDARD = gnu11;
				GCC_NO_COMMON_BLOCKS = YES;
				GCC_WARN_64_TO_32_BIT_CONVERSION = YES;
				GCC_WARN_ABOUT_RETURN_TYPE = YES_ERROR;
				GCC_WARN_UNDECLARED_SELECTOR = YES;
				GCC_WARN_UNINITIALIZED_AUTOS = YES_AGGRESSIVE;
				GCC_WARN_UNUSED_FUNCTION = YES;
				GCC_WARN_UNUSED_VARIABLE = YES;
				IPHONEOS_DEPLOYMENT_TARGET = 15.2;
				MTL_ENABLE_DEBUG_INFO = NO;
				MTL_FAST_MATH = YES;
				SDKROOT = iphoneos;
				SWIFT_COMPILATION_MODE = wholemodule;
				SWIFT_OPTIMIZATION_LEVEL = "-O";
				VALIDATE_PRODUCT = YES;
			};
			name = Release;
		};
		7EC5778A2798BF6200588EAE /* Debug */ = {
			isa = XCBuildConfiguration;
			buildSettings = {
				ASSETCATALOG_COMPILER_APPICON_NAME = AppIcon;
				ASSETCATALOG_COMPILER_GLOBAL_ACCENT_COLOR_NAME = AccentColor;
				CODE_SIGN_STYLE = Automatic;
				CURRENT_PROJECT_VERSION = 1;
				GENERATE_INFOPLIST_FILE = YES;
				INFOPLIST_FILE = MVVMRXSwift/Info.plist;
				INFOPLIST_KEY_UIApplicationSupportsIndirectInputEvents = YES;
				INFOPLIST_KEY_UILaunchStoryboardName = LaunchScreen;
				INFOPLIST_KEY_UIMainStoryboardFile = Main;
				INFOPLIST_KEY_UISupportedInterfaceOrientations_iPad = "UIInterfaceOrientationPortrait UIInterfaceOrientationPortraitUpsideDown UIInterfaceOrientationLandscapeLeft UIInterfaceOrientationLandscapeRight";
				INFOPLIST_KEY_UISupportedInterfaceOrientations_iPhone = "UIInterfaceOrientationPortrait UIInterfaceOrientationLandscapeLeft UIInterfaceOrientationLandscapeRight";
				LD_RUNPATH_SEARCH_PATHS = (
					"$(inherited)",
					"@executable_path/Frameworks",
				);
				MARKETING_VERSION = 1.0;
				PRODUCT_BUNDLE_IDENTIFIER = com.dan.MVVMRXSwift;
				PRODUCT_NAME = "$(TARGET_NAME)";
				SWIFT_EMIT_LOC_STRINGS = YES;
				SWIFT_VERSION = 5.0;
				TARGETED_DEVICE_FAMILY = "1,2";
			};
			name = Debug;
		};
		7EC5778B2798BF6200588EAE /* Release */ = {
			isa = XCBuildConfiguration;
			buildSettings = {
				ASSETCATALOG_COMPILER_APPICON_NAME = AppIcon;
				ASSETCATALOG_COMPILER_GLOBAL_ACCENT_COLOR_NAME = AccentColor;
				CODE_SIGN_STYLE = Automatic;
				CURRENT_PROJECT_VERSION = 1;
				GENERATE_INFOPLIST_FILE = YES;
				INFOPLIST_FILE = MVVMRXSwift/Info.plist;
				INFOPLIST_KEY_UIApplicationSupportsIndirectInputEvents = YES;
				INFOPLIST_KEY_UILaunchStoryboardName = LaunchScreen;
				INFOPLIST_KEY_UIMainStoryboardFile = Main;
				INFOPLIST_KEY_UISupportedInterfaceOrientations_iPad = "UIInterfaceOrientationPortrait UIInterfaceOrientationPortraitUpsideDown UIInterfaceOrientationLandscapeLeft UIInterfaceOrientationLandscapeRight";
				INFOPLIST_KEY_UISupportedInterfaceOrientations_iPhone = "UIInterfaceOrientationPortrait UIInterfaceOrientationLandscapeLeft UIInterfaceOrientationLandscapeRight";
				LD_RUNPATH_SEARCH_PATHS = (
					"$(inherited)",
					"@executable_path/Frameworks",
				);
				MARKETING_VERSION = 1.0;
				PRODUCT_BUNDLE_IDENTIFIER = com.dan.MVVMRXSwift;
				PRODUCT_NAME = "$(TARGET_NAME)";
				SWIFT_EMIT_LOC_STRINGS = YES;
				SWIFT_VERSION = 5.0;
				TARGETED_DEVICE_FAMILY = "1,2";
			};
			name = Release;
		};
		7EC5778D2798BF6200588EAE /* Debug */ = {
			isa = XCBuildConfiguration;
			buildSettings = {
				ALWAYS_EMBED_SWIFT_STANDARD_LIBRARIES = YES;
				BUNDLE_LOADER = "$(TEST_HOST)";
				CODE_SIGN_STYLE = Automatic;
				CURRENT_PROJECT_VERSION = 1;
				GENERATE_INFOPLIST_FILE = YES;
				IPHONEOS_DEPLOYMENT_TARGET = 15.2;
				MARKETING_VERSION = 1.0;
				PRODUCT_BUNDLE_IDENTIFIER = com.dan.MVVMRXSwiftTests;
				PRODUCT_NAME = "$(TARGET_NAME)";
				SWIFT_EMIT_LOC_STRINGS = NO;
				SWIFT_VERSION = 5.0;
				TARGETED_DEVICE_FAMILY = "1,2";
				TEST_HOST = "$(BUILT_PRODUCTS_DIR)/MVVMRXSwift.app/MVVMRXSwift";
			};
			name = Debug;
		};
		7EC5778E2798BF6200588EAE /* Release */ = {
			isa = XCBuildConfiguration;
			buildSettings = {
				ALWAYS_EMBED_SWIFT_STANDARD_LIBRARIES = YES;
				BUNDLE_LOADER = "$(TEST_HOST)";
				CODE_SIGN_STYLE = Automatic;
				CURRENT_PROJECT_VERSION = 1;
				GENERATE_INFOPLIST_FILE = YES;
				IPHONEOS_DEPLOYMENT_TARGET = 15.2;
				MARKETING_VERSION = 1.0;
				PRODUCT_BUNDLE_IDENTIFIER = com.dan.MVVMRXSwiftTests;
				PRODUCT_NAME = "$(TARGET_NAME)";
				SWIFT_EMIT_LOC_STRINGS = NO;
				SWIFT_VERSION = 5.0;
				TARGETED_DEVICE_FAMILY = "1,2";
				TEST_HOST = "$(BUILT_PRODUCTS_DIR)/MVVMRXSwift.app/MVVMRXSwift";
			};
			name = Release;
		};
		7EC577902798BF6200588EAE /* Debug */ = {
			isa = XCBuildConfiguration;
			buildSettings = {
				ALWAYS_EMBED_SWIFT_STANDARD_LIBRARIES = YES;
				CODE_SIGN_STYLE = Automatic;
				CURRENT_PROJECT_VERSION = 1;
				GENERATE_INFOPLIST_FILE = YES;
				MARKETING_VERSION = 1.0;
				PRODUCT_BUNDLE_IDENTIFIER = com.dan.MVVMRXSwiftUITests;
				PRODUCT_NAME = "$(TARGET_NAME)";
				SWIFT_EMIT_LOC_STRINGS = NO;
				SWIFT_VERSION = 5.0;
				TARGETED_DEVICE_FAMILY = "1,2";
				TEST_TARGET_NAME = MVVMRXSwift;
			};
			name = Debug;
		};
		7EC577912798BF6200588EAE /* Release */ = {
			isa = XCBuildConfiguration;
			buildSettings = {
				ALWAYS_EMBED_SWIFT_STANDARD_LIBRARIES = YES;
				CODE_SIGN_STYLE = Automatic;
				CURRENT_PROJECT_VERSION = 1;
				GENERATE_INFOPLIST_FILE = YES;
				MARKETING_VERSION = 1.0;
				PRODUCT_BUNDLE_IDENTIFIER = com.dan.MVVMRXSwiftUITests;
				PRODUCT_NAME = "$(TARGET_NAME)";
				SWIFT_EMIT_LOC_STRINGS = NO;
				SWIFT_VERSION = 5.0;
				TARGETED_DEVICE_FAMILY = "1,2";
				TEST_TARGET_NAME = MVVMRXSwift;
			};
			name = Release;
		};
/* End XCBuildConfiguration section */

/* Begin XCConfigurationList section */
		7EC5775A2798BF5D00588EAE /* Build configuration list for PBXProject "MVVMRXSwift" */ = {
			isa = XCConfigurationList;
			buildConfigurations = (
				7EC577872798BF6200588EAE /* Debug */,
				7EC577882798BF6200588EAE /* Release */,
			);
			defaultConfigurationIsVisible = 0;
			defaultConfigurationName = Release;
		};
		7EC577892798BF6200588EAE /* Build configuration list for PBXNativeTarget "MVVMRXSwift" */ = {
			isa = XCConfigurationList;
			buildConfigurations = (
				7EC5778A2798BF6200588EAE /* Debug */,
				7EC5778B2798BF6200588EAE /* Release */,
			);
			defaultConfigurationIsVisible = 0;
			defaultConfigurationName = Release;
		};
		7EC5778C2798BF6200588EAE /* Build configuration list for PBXNativeTarget "MVVMRXSwiftTests" */ = {
			isa = XCConfigurationList;
			buildConfigurations = (
				7EC5778D2798BF6200588EAE /* Debug */,
				7EC5778E2798BF6200588EAE /* Release */,
			);
			defaultConfigurationIsVisible = 0;
			defaultConfigurationName = Release;
		};
		7EC5778F2798BF6200588EAE /* Build configuration list for PBXNativeTarget "MVVMRXSwiftUITests" */ = {
			isa = XCConfigurationList;
			buildConfigurations = (
				7EC577902798BF6200588EAE /* Debug */,
				7EC577912798BF6200588EAE /* Release */,
			);
			defaultConfigurationIsVisible = 0;
			defaultConfigurationName = Release;
		};
/* End XCConfigurationList section */
	};
	rootObject = 7EC577572798BF5D00588EAE /* Project object */;
}
